
Microsoft Visual Studio Solution File, Format Version 11.00
# Visual Studio 2010
Project("{FAE04EC0-301F-11D3-BF4B-00C04F79EFBC}") = "Code_Lab_06", "Code_Lab_06.csproj", "{780A08C9-B7C1-4BA1-9AD1-FE5937416A7D}"
EndProject
Global
	GlobalSection(SolutionConfigurationPlatforms) = preSolution
		Debug|Any CPU = Debug|Any CPU
		Release|Any CPU = Release|Any CPU
	EndGlobalSection
	GlobalSection(ProjectConfigurationPlatforms) = postSolution
		{780A08C9-B7C1-4BA1-9AD1-FE5937416A7D}.Debug|Any CPU.ActiveCfg = Debug|Any CPU
		{780A08C9-B7C1-4BA1-9AD1-FE5937416A7D}.Debug|Any CPU.Build.0 = Debug|Any CPU
		{780A08C9-B7C1-4BA1-9AD1-FE5937416A7D}.Release|Any CPU.ActiveCfg = Release|Any CPU
		{780A08C9-B7C1-4BA1-9AD1-FE5937416A7D}.Release|Any CPU.Build.0 = Release|Any CPU
	EndGlobalSection
	GlobalSection(SolutionProperties) = preSolution
		HideSolutionNode = FALSE
	EndGlobalSection
EndGlobal
