
Microsoft Visual Studio Solution File, Format Version 11.00
# Visual Studio 2010
Project("{FAE04EC0-301F-11D3-BF4B-00C04F79EFBC}") = "Code_Lab_05", "Code_Lab_05.csproj", "{011FB0F4-7275-4340-9080-A968BD88B185}"
EndProject
Global
	GlobalSection(SolutionConfigurationPlatforms) = preSolution
		Debug|Any CPU = Debug|Any CPU
		Release|Any CPU = Release|Any CPU
	EndGlobalSection
	GlobalSection(ProjectConfigurationPlatforms) = postSolution
		{011FB0F4-7275-4340-9080-A968BD88B185}.Debug|Any CPU.ActiveCfg = Debug|Any CPU
		{011FB0F4-7275-4340-9080-A968BD88B185}.Debug|Any CPU.Build.0 = Debug|Any CPU
		{011FB0F4-7275-4340-9080-A968BD88B185}.Release|Any CPU.ActiveCfg = Release|Any CPU
		{011FB0F4-7275-4340-9080-A968BD88B185}.Release|Any CPU.Build.0 = Release|Any CPU
	EndGlobalSection
	GlobalSection(SolutionProperties) = preSolution
		HideSolutionNode = FALSE
	EndGlobalSection
EndGlobal
